// !$*UTF8*$!
{
	archiveVersion = 1;
	classes = {
	};
	objectVersion = 48;
	objects = {

/* Begin PBXBuildFile section */
		5F424C401FDF6D0D0006B6F5 /* ZWLabel.m in Sources */ = {isa = PBXBuildFile; fileRef = 5F424C3F1FDF6D0D0006B6F5 /* ZWLabel.m */; };
		5F424C441FDF6EDC0006B6F5 /* ZWTextAttribute.m in Sources */ = {isa = PBXBuildFile; fileRef = 5F424C431FDF6EDC0006B6F5 /* ZWTextAttribute.m */; };
		5F424C471FDF71350006B6F5 /* ZWTextArchiver.m in Sources */ = {isa = PBXBuildFile; fileRef = 5F424C461FDF71350006B6F5 /* ZWTextArchiver.m */; };
		5F424C4A1FDF71770006B6F5 /* ZWTextParser.m in Sources */ = {isa = PBXBuildFile; fileRef = 5F424C491FDF71770006B6F5 /* ZWTextParser.m */; };
		5F424C4E1FDF730E0006B6F5 /* ZWTextLayout.m in Sources */ = {isa = PBXBuildFile; fileRef = 5F424C4D1FDF730E0006B6F5 /* ZWTextLayout.m */; };
		5F43E6EE1FCFE87C00C6F221 /* NSString+ZWAdd.m in Sources */ = {isa = PBXBuildFile; fileRef = 5F43E6ED1FCFE87C00C6F221 /* NSString+ZWAdd.m */; };
		5F43E6F11FCFE98F00C6F221 /* NSData+ZWAdd.m in Sources */ = {isa = PBXBuildFile; fileRef = 5F43E6F01FCFE98F00C6F221 /* NSData+ZWAdd.m */; };
		5F43E6F41FD00B3C00C6F221 /* NSNumber+ZWAdd.m in Sources */ = {isa = PBXBuildFile; fileRef = 5F43E6F31FD00B3C00C6F221 /* NSNumber+ZWAdd.m */; };
		5F4D120F1FCFB1B700B39529 /* NSObject+ZWAddForARC.m in Sources */ = {isa = PBXBuildFile; fileRef = 5F4D120E1FCFB1B700B39529 /* NSObject+ZWAddForARC.m */; settings = {COMPILER_FLAGS = "-fno-objc-arc"; }; };
		5F4D12121FCFB30400B39529 /* NSObject+ZWAddForKVO.m in Sources */ = {isa = PBXBuildFile; fileRef = 5F4D12111FCFB30400B39529 /* NSObject+ZWAddForKVO.m */; };
		5F50F2711FD63DFD003B43EC /* UIImage+QRCode.m in Sources */ = {isa = PBXBuildFile; fileRef = 5F50F2701FD63DFD003B43EC /* UIImage+QRCode.m */; };
		5F50F31C1FD6A185003B43EC /* NSNotificationCenter+ZWAdd.m in Sources */ = {isa = PBXBuildFile; fileRef = 5F50F31B1FD6A185003B43EC /* NSNotificationCenter+ZWAdd.m */; };
		5F50F31F1FD6A30B003B43EC /* NSKeyedUnarchiver+ZWAdd.m in Sources */ = {isa = PBXBuildFile; fileRef = 5F50F31E1FD6A30B003B43EC /* NSKeyedUnarchiver+ZWAdd.m */; };
		5F50F3221FD6A5F9003B43EC /* NSTimer+ZWAdd.m in Sources */ = {isa = PBXBuildFile; fileRef = 5F50F3211FD6A5F9003B43EC /* NSTimer+ZWAdd.m */; };
		5F71B64D1FCFCB4E00954698 /* NSObject+performSelector.m in Sources */ = {isa = PBXBuildFile; fileRef = 5F71B64C1FCFCB4E00954698 /* NSObject+performSelector.m */; };
		5F763FD61FDA651C007DC385 /* UIScrollView+ZWAdd.m in Sources */ = {isa = PBXBuildFile; fileRef = 5F763FD51FDA651C007DC385 /* UIScrollView+ZWAdd.m */; };
		5F763FD91FDA6635007DC385 /* UITableView+ZWAdd.m in Sources */ = {isa = PBXBuildFile; fileRef = 5F763FD81FDA6635007DC385 /* UITableView+ZWAdd.m */; };
		5F763FDC1FDA6793007DC385 /* UITextField+ZWAdd.m in Sources */ = {isa = PBXBuildFile; fileRef = 5F763FDB1FDA6793007DC385 /* UITextField+ZWAdd.m */; };
		5F763FDF1FDA684C007DC385 /* UIScreen+ZWAdd.m in Sources */ = {isa = PBXBuildFile; fileRef = 5F763FDE1FDA684C007DC385 /* UIScreen+ZWAdd.m */; };
		5F763FE21FDA68FF007DC385 /* UIDevice+ZWAdd.m in Sources */ = {isa = PBXBuildFile; fileRef = 5F763FE11FDA68FF007DC385 /* UIDevice+ZWAdd.m */; };
		5F763FE51FDA7DB2007DC385 /* UIApplication+ZWAdd.m in Sources */ = {isa = PBXBuildFile; fileRef = 5F763FE41FDA7DB2007DC385 /* UIApplication+ZWAdd.m */; };
		5F763FE81FDA8A74007DC385 /* UIFont+ZWAdd.m in Sources */ = {isa = PBXBuildFile; fileRef = 5F763FE71FDA8A74007DC385 /* UIFont+ZWAdd.m */; };
		5F763FEB1FDA98F1007DC385 /* UIBezierPath+ZWAdd.m in Sources */ = {isa = PBXBuildFile; fileRef = 5F763FEA1FDA98F1007DC385 /* UIBezierPath+ZWAdd.m */; };
		5F78C9921FCEB92400516913 /* NSObject+ZWAdd.m in Sources */ = {isa = PBXBuildFile; fileRef = 5F78C9911FCEB92400516913 /* NSObject+ZWAdd.m */; };
		5F79F1491FDE182E00A7C711 /* AttributeMethod.m in Sources */ = {isa = PBXBuildFile; fileRef = 5F79F1481FDE182E00A7C711 /* AttributeMethod.m */; };
		5F79F14B1FDE185700A7C711 /* AttributeDes.md in Resources */ = {isa = PBXBuildFile; fileRef = 5F79F14A1FDE185700A7C711 /* AttributeDes.md */; };
		5FA443261FD535E30030F1AA /* NSArray+ZWAdd.m in Sources */ = {isa = PBXBuildFile; fileRef = 5FA443251FD535E30030F1AA /* NSArray+ZWAdd.m */; };
		5FA443291FD53BFC0030F1AA /* NSDictionary+ZWAdd.m in Sources */ = {isa = PBXBuildFile; fileRef = 5FA443281FD53BFC0030F1AA /* NSDictionary+ZWAdd.m */; };
		5FA4432C1FD553600030F1AA /* NSDate+ZWAdd.m in Sources */ = {isa = PBXBuildFile; fileRef = 5FA4432B1FD553600030F1AA /* NSDate+ZWAdd.m */; };
		5FA91D301FE79CA2005A18AF /* ZWImage.m in Sources */ = {isa = PBXBuildFile; fileRef = 5FA91D2F1FE79CA2005A18AF /* ZWImage.m */; };
		5FA91D331FE79D0F005A18AF /* ZWFrameImage.m in Sources */ = {isa = PBXBuildFile; fileRef = 5FA91D321FE79D0F005A18AF /* ZWFrameImage.m */; };
		5FA91D361FE79D70005A18AF /* ZWSpriteSheetImage.m in Sources */ = {isa = PBXBuildFile; fileRef = 5FA91D351FE79D70005A18AF /* ZWSpriteSheetImage.m */; };
		5FA91D391FE79DBF005A18AF /* ZWAnimatedImageView.m in Sources */ = {isa = PBXBuildFile; fileRef = 5FA91D381FE79DBF005A18AF /* ZWAnimatedImageView.m */; };
		5FA91D3C1FE79E82005A18AF /* ZWImageCoder.m in Sources */ = {isa = PBXBuildFile; fileRef = 5FA91D3B1FE79E82005A18AF /* ZWImageCoder.m */; };
		5FA91D3F1FE7A991005A18AF /* ZWWeakProxy.m in Sources */ = {isa = PBXBuildFile; fileRef = 5FA91D3E1FE7A991005A18AF /* ZWWeakProxy.m */; };
		5FA91D421FE7A9DD005A18AF /* ZWTextContainerView.m in Sources */ = {isa = PBXBuildFile; fileRef = 5FA91D411FE7A9DD005A18AF /* ZWTextContainerView.m */; };
		5FA91D451FE7AAB9005A18AF /* ZWTextSelectionView.m in Sources */ = {isa = PBXBuildFile; fileRef = 5FA91D441FE7AAB9005A18AF /* ZWTextSelectionView.m */; };
		5FA91D481FE7ABF3005A18AF /* ZWTextMagnifier.m in Sources */ = {isa = PBXBuildFile; fileRef = 5FA91D471FE7ABF3005A18AF /* ZWTextMagnifier.m */; };
		5FA91D4B1FE7AC9E005A18AF /* ZWTextEffectWindow.m in Sources */ = {isa = PBXBuildFile; fileRef = 5FA91D4A1FE7AC9E005A18AF /* ZWTextEffectWindow.m */; };
		5FA91D4E1FE7AF15005A18AF /* ZWTextKeyboardManager.m in Sources */ = {isa = PBXBuildFile; fileRef = 5FA91D4D1FE7AF15005A18AF /* ZWTextKeyboardManager.m */; };
		5FA91D511FE7B128005A18AF /* ZWAsyncLayer.m in Sources */ = {isa = PBXBuildFile; fileRef = 5FA91D501FE7B128005A18AF /* ZWAsyncLayer.m */; };
		5FA91D541FE7B4AE005A18AF /* ZWSentinel.m in Sources */ = {isa = PBXBuildFile; fileRef = 5FA91D531FE7B4AE005A18AF /* ZWSentinel.m */; };
		5FA91D571FE7B5B4005A18AF /* ZWTextView.m in Sources */ = {isa = PBXBuildFile; fileRef = 5FA91D561FE7B5B4005A18AF /* ZWTextView.m */; };
		5FA91D5A1FE7B69B005A18AF /* ZWTransaction.m in Sources */ = {isa = PBXBuildFile; fileRef = 5FA91D591FE7B69B005A18AF /* ZWTransaction.m */; };
		5FA91D5D1FE7B6F7005A18AF /* UIPasteboard+ZWText.m in Sources */ = {isa = PBXBuildFile; fileRef = 5FA91D5C1FE7B6F7005A18AF /* UIPasteboard+ZWText.m */; };
		5FADD7F71FE2575800A97775 /* ZWTextUtilities.m in Sources */ = {isa = PBXBuildFile; fileRef = 5FADD7F61FE2575800A97775 /* ZWTextUtilities.m */; };
		5FADD7FA1FE2590E00A97775 /* ZWTextRunDelegate.m in Sources */ = {isa = PBXBuildFile; fileRef = 5FADD7F91FE2590E00A97775 /* ZWTextRunDelegate.m */; };
		5FADD7FD1FE25E9900A97775 /* ZWTextRubyAnnotation.m in Sources */ = {isa = PBXBuildFile; fileRef = 5FADD7FC1FE25E9900A97775 /* ZWTextRubyAnnotation.m */; };
		5FADD8001FE25F6F00A97775 /* NSAttributedString+ZWText.m in Sources */ = {isa = PBXBuildFile; fileRef = 5FADD7FF1FE25F6F00A97775 /* NSAttributedString+ZWText.m */; };
		5FADD8031FE260C800A97775 /* NSParagraphStyle+ZWText.m in Sources */ = {isa = PBXBuildFile; fileRef = 5FADD8021FE260C800A97775 /* NSParagraphStyle+ZWText.m */; };
		5FADD8061FE283A800A97775 /* ZWTextLine.m in Sources */ = {isa = PBXBuildFile; fileRef = 5FADD8051FE283A800A97775 /* ZWTextLine.m */; };
		5FADD8091FE2840C00A97775 /* ZWTextInput.m in Sources */ = {isa = PBXBuildFile; fileRef = 5FADD8081FE2840C00A97775 /* ZWTextInput.m */; };
		5FADD80C1FE2842B00A97775 /* ZWTextDebugOption.m in Sources */ = {isa = PBXBuildFile; fileRef = 5FADD80B1FE2842B00A97775 /* ZWTextDebugOption.m */; };
		5FCF86231FD8E45400D77FCA /* UIView+ZWAdd.m in Sources */ = {isa = PBXBuildFile; fileRef = 5FCF86221FD8E45400D77FCA /* UIView+ZWAdd.m */; };
		5FCF86261FD8EC6800D77FCA /* UIControl+ZWAdd.m in Sources */ = {isa = PBXBuildFile; fileRef = 5FCF86251FD8EC6800D77FCA /* UIControl+ZWAdd.m */; };
		5FCF86291FD9077600D77FCA /* UIBarButtonItem+ZWAdd.m in Sources */ = {isa = PBXBuildFile; fileRef = 5FCF86281FD9077600D77FCA /* UIBarButtonItem+ZWAdd.m */; };
		5FCF862C1FD9089B00D77FCA /* UIGestureRecognizer+ZWAdd.m in Sources */ = {isa = PBXBuildFile; fileRef = 5FCF862B1FD9089B00D77FCA /* UIGestureRecognizer+ZWAdd.m */; };
		5FD0FDD91FD77B9B006A6C19 /* NSBundle+ZWAdd.m in Sources */ = {isa = PBXBuildFile; fileRef = 5FD0FDD81FD77B9B006A6C19 /* NSBundle+ZWAdd.m */; };
		5FD0FDDC1FD780EE006A6C19 /* NSThread+ZWAdd.m in Sources */ = {isa = PBXBuildFile; fileRef = 5FD0FDDB1FD780EE006A6C19 /* NSThread+ZWAdd.m */; settings = {COMPILER_FLAGS = "-fno-objc-arc"; }; };
		5FD0FDDF1FD786DA006A6C19 /* UIColor+ZWAdd.m in Sources */ = {isa = PBXBuildFile; fileRef = 5FD0FDDE1FD786DA006A6C19 /* UIColor+ZWAdd.m */; };
		5FD0FDE21FD7B807006A6C19 /* UIImage+ZWAdd.m in Sources */ = {isa = PBXBuildFile; fileRef = 5FD0FDE11FD7B807006A6C19 /* UIImage+ZWAdd.m */; };
		5FD0FDE51FD7BE2D006A6C19 /* ZWCGUtilities.m in Sources */ = {isa = PBXBuildFile; fileRef = 5FD0FDE41FD7BE2D006A6C19 /* ZWCGUtilities.m */; };
		5FD4BF7F1FBD22880020072F /* AppDelegate.m in Sources */ = {isa = PBXBuildFile; fileRef = 5FD4BF7E1FBD22880020072F /* AppDelegate.m */; };
		5FD4BF821FBD22880020072F /* ViewController.m in Sources */ = {isa = PBXBuildFile; fileRef = 5FD4BF811FBD22880020072F /* ViewController.m */; };
		5FD4BF851FBD22880020072F /* Main.storyboard in Resources */ = {isa = PBXBuildFile; fileRef = 5FD4BF831FBD22880020072F /* Main.storyboard */; };
		5FD4BF871FBD22880020072F /* Assets.xcassets in Resources */ = {isa = PBXBuildFile; fileRef = 5FD4BF861FBD22880020072F /* Assets.xcassets */; };
		5FD4BF8A1FBD22880020072F /* LaunchScreen.storyboard in Resources */ = {isa = PBXBuildFile; fileRef = 5FD4BF881FBD22880020072F /* LaunchScreen.storyboard */; };
		5FD4BF8D1FBD22880020072F /* main.m in Sources */ = {isa = PBXBuildFile; fileRef = 5FD4BF8C1FBD22880020072F /* main.m */; };
		5FD4BF951FBD2CEF0020072F /* TextView.m in Sources */ = {isa = PBXBuildFile; fileRef = 5FD4BF941FBD2CEF0020072F /* TextView.m */; };
		5FE7525E1FCD040400F9B52E /* description.txt in Resources */ = {isa = PBXBuildFile; fileRef = 5FE7525D1FCD040400F9B52E /* description.txt */; };
		5FE752611FCD04A600F9B52E /* ThreadTestViewController.m in Sources */ = {isa = PBXBuildFile; fileRef = 5FE752601FCD04A600F9B52E /* ThreadTestViewController.m */; };
		A05E478A1FDCD126006ED9E1 /* CALayer+ZWAdd.m in Sources */ = {isa = PBXBuildFile; fileRef = A05E47891FDCD126006ED9E1 /* CALayer+ZWAdd.m */; };
		A05E47901FDCD62D006ED9E1 /* NSObject+ZWModel.m in Sources */ = {isa = PBXBuildFile; fileRef = A05E478F1FDCD62D006ED9E1 /* NSObject+ZWModel.m */; };
		A05E47931FDD0737006ED9E1 /* ZWClassInfo.m in Sources */ = {isa = PBXBuildFile; fileRef = A05E47921FDD0737006ED9E1 /* ZWClassInfo.m */; };
/* End PBXBuildFile section */

/* Begin PBXFileReference section */
		5F424C3E1FDF6D0D0006B6F5 /* ZWLabel.h */ = {isa = PBXFileReference; lastKnownFileType = sourcecode.c.h; path = ZWLabel.h; sourceTree = "<group>"; };
		5F424C3F1FDF6D0D0006B6F5 /* ZWLabel.m */ = {isa = PBXFileReference; lastKnownFileType = sourcecode.c.objc; path = ZWLabel.m; sourceTree = "<group>"; };
		5F424C421FDF6EDC0006B6F5 /* ZWTextAttribute.h */ = {isa = PBXFileReference; lastKnownFileType = sourcecode.c.h; path = ZWTextAttribute.h; sourceTree = "<group>"; };
		5F424C431FDF6EDC0006B6F5 /* ZWTextAttribute.m */ = {isa = PBXFileReference; lastKnownFileType = sourcecode.c.objc; path = ZWTextAttribute.m; sourceTree = "<group>"; };
		5F424C451FDF71350006B6F5 /* ZWTextArchiver.h */ = {isa = PBXFileReference; lastKnownFileType = sourcecode.c.h; path = ZWTextArchiver.h; sourceTree = "<group>"; };
		5F424C461FDF71350006B6F5 /* ZWTextArchiver.m */ = {isa = PBXFileReference; lastKnownFileType = sourcecode.c.objc; path = ZWTextArchiver.m; sourceTree = "<group>"; };
		5F424C481FDF71770006B6F5 /* ZWTextParser.h */ = {isa = PBXFileReference; lastKnownFileType = sourcecode.c.h; path = ZWTextParser.h; sourceTree = "<group>"; };
		5F424C491FDF71770006B6F5 /* ZWTextParser.m */ = {isa = PBXFileReference; lastKnownFileType = sourcecode.c.objc; path = ZWTextParser.m; sourceTree = "<group>"; };
		5F424C4C1FDF730E0006B6F5 /* ZWTextLayout.h */ = {isa = PBXFileReference; lastKnownFileType = sourcecode.c.h; path = ZWTextLayout.h; sourceTree = "<group>"; };
		5F424C4D1FDF730E0006B6F5 /* ZWTextLayout.m */ = {isa = PBXFileReference; lastKnownFileType = sourcecode.c.objc; path = ZWTextLayout.m; sourceTree = "<group>"; };
		5F43E6EC1FCFE87C00C6F221 /* NSString+ZWAdd.h */ = {isa = PBXFileReference; lastKnownFileType = sourcecode.c.h; path = "NSString+ZWAdd.h"; sourceTree = "<group>"; };
		5F43E6ED1FCFE87C00C6F221 /* NSString+ZWAdd.m */ = {isa = PBXFileReference; lastKnownFileType = sourcecode.c.objc; path = "NSString+ZWAdd.m"; sourceTree = "<group>"; };
		5F43E6EF1FCFE98F00C6F221 /* NSData+ZWAdd.h */ = {isa = PBXFileReference; lastKnownFileType = sourcecode.c.h; path = "NSData+ZWAdd.h"; sourceTree = "<group>"; };
		5F43E6F01FCFE98F00C6F221 /* NSData+ZWAdd.m */ = {isa = PBXFileReference; lastKnownFileType = sourcecode.c.objc; path = "NSData+ZWAdd.m"; sourceTree = "<group>"; };
		5F43E6F21FD00B3C00C6F221 /* NSNumber+ZWAdd.h */ = {isa = PBXFileReference; lastKnownFileType = sourcecode.c.h; path = "NSNumber+ZWAdd.h"; sourceTree = "<group>"; };
		5F43E6F31FD00B3C00C6F221 /* NSNumber+ZWAdd.m */ = {isa = PBXFileReference; lastKnownFileType = sourcecode.c.objc; path = "NSNumber+ZWAdd.m"; sourceTree = "<group>"; };
		5F4D120D1FCFB1B700B39529 /* NSObject+ZWAddForARC.h */ = {isa = PBXFileReference; lastKnownFileType = sourcecode.c.h; path = "NSObject+ZWAddForARC.h"; sourceTree = "<group>"; };
		5F4D120E1FCFB1B700B39529 /* NSObject+ZWAddForARC.m */ = {isa = PBXFileReference; lastKnownFileType = sourcecode.c.objc; path = "NSObject+ZWAddForARC.m"; sourceTree = "<group>"; };
		5F4D12101FCFB30400B39529 /* NSObject+ZWAddForKVO.h */ = {isa = PBXFileReference; lastKnownFileType = sourcecode.c.h; path = "NSObject+ZWAddForKVO.h"; sourceTree = "<group>"; };
		5F4D12111FCFB30400B39529 /* NSObject+ZWAddForKVO.m */ = {isa = PBXFileReference; lastKnownFileType = sourcecode.c.objc; path = "NSObject+ZWAddForKVO.m"; sourceTree = "<group>"; };
		5F50F26F1FD63DFD003B43EC /* UIImage+QRCode.h */ = {isa = PBXFileReference; lastKnownFileType = sourcecode.c.h; path = "UIImage+QRCode.h"; sourceTree = "<group>"; };
		5F50F2701FD63DFD003B43EC /* UIImage+QRCode.m */ = {isa = PBXFileReference; lastKnownFileType = sourcecode.c.objc; path = "UIImage+QRCode.m"; sourceTree = "<group>"; };
		5F50F31A1FD6A185003B43EC /* NSNotificationCenter+ZWAdd.h */ = {isa = PBXFileReference; lastKnownFileType = sourcecode.c.h; path = "NSNotificationCenter+ZWAdd.h"; sourceTree = "<group>"; };
		5F50F31B1FD6A185003B43EC /* NSNotificationCenter+ZWAdd.m */ = {isa = PBXFileReference; lastKnownFileType = sourcecode.c.objc; path = "NSNotificationCenter+ZWAdd.m"; sourceTree = "<group>"; };
		5F50F31D1FD6A30B003B43EC /* NSKeyedUnarchiver+ZWAdd.h */ = {isa = PBXFileReference; lastKnownFileType = sourcecode.c.h; path = "NSKeyedUnarchiver+ZWAdd.h"; sourceTree = "<group>"; };
		5F50F31E1FD6A30B003B43EC /* NSKeyedUnarchiver+ZWAdd.m */ = {isa = PBXFileReference; lastKnownFileType = sourcecode.c.objc; path = "NSKeyedUnarchiver+ZWAdd.m"; sourceTree = "<group>"; };
		5F50F3201FD6A5F9003B43EC /* NSTimer+ZWAdd.h */ = {isa = PBXFileReference; lastKnownFileType = sourcecode.c.h; path = "NSTimer+ZWAdd.h"; sourceTree = "<group>"; };
		5F50F3211FD6A5F9003B43EC /* NSTimer+ZWAdd.m */ = {isa = PBXFileReference; lastKnownFileType = sourcecode.c.objc; path = "NSTimer+ZWAdd.m"; sourceTree = "<group>"; };
		5F71B64B1FCFCB4E00954698 /* NSObject+performSelector.h */ = {isa = PBXFileReference; lastKnownFileType = sourcecode.c.h; path = "NSObject+performSelector.h"; sourceTree = "<group>"; };
		5F71B64C1FCFCB4E00954698 /* NSObject+performSelector.m */ = {isa = PBXFileReference; lastKnownFileType = sourcecode.c.objc; path = "NSObject+performSelector.m"; sourceTree = "<group>"; };
		5F763FD41FDA651C007DC385 /* UIScrollView+ZWAdd.h */ = {isa = PBXFileReference; lastKnownFileType = sourcecode.c.h; path = "UIScrollView+ZWAdd.h"; sourceTree = "<group>"; };
		5F763FD51FDA651C007DC385 /* UIScrollView+ZWAdd.m */ = {isa = PBXFileReference; lastKnownFileType = sourcecode.c.objc; path = "UIScrollView+ZWAdd.m"; sourceTree = "<group>"; };
		5F763FD71FDA6635007DC385 /* UITableView+ZWAdd.h */ = {isa = PBXFileReference; lastKnownFileType = sourcecode.c.h; path = "UITableView+ZWAdd.h"; sourceTree = "<group>"; };
		5F763FD81FDA6635007DC385 /* UITableView+ZWAdd.m */ = {isa = PBXFileReference; lastKnownFileType = sourcecode.c.objc; path = "UITableView+ZWAdd.m"; sourceTree = "<group>"; };
		5F763FDA1FDA6793007DC385 /* UITextField+ZWAdd.h */ = {isa = PBXFileReference; lastKnownFileType = sourcecode.c.h; path = "UITextField+ZWAdd.h"; sourceTree = "<group>"; };
		5F763FDB1FDA6793007DC385 /* UITextField+ZWAdd.m */ = {isa = PBXFileReference; lastKnownFileType = sourcecode.c.objc; path = "UITextField+ZWAdd.m"; sourceTree = "<group>"; };
		5F763FDD1FDA684C007DC385 /* UIScreen+ZWAdd.h */ = {isa = PBXFileReference; lastKnownFileType = sourcecode.c.h; path = "UIScreen+ZWAdd.h"; sourceTree = "<group>"; };
		5F763FDE1FDA684C007DC385 /* UIScreen+ZWAdd.m */ = {isa = PBXFileReference; lastKnownFileType = sourcecode.c.objc; path = "UIScreen+ZWAdd.m"; sourceTree = "<group>"; };
		5F763FE01FDA68FF007DC385 /* UIDevice+ZWAdd.h */ = {isa = PBXFileReference; lastKnownFileType = sourcecode.c.h; path = "UIDevice+ZWAdd.h"; sourceTree = "<group>"; };
		5F763FE11FDA68FF007DC385 /* UIDevice+ZWAdd.m */ = {isa = PBXFileReference; lastKnownFileType = sourcecode.c.objc; path = "UIDevice+ZWAdd.m"; sourceTree = "<group>"; };
		5F763FE31FDA7DB2007DC385 /* UIApplication+ZWAdd.h */ = {isa = PBXFileReference; lastKnownFileType = sourcecode.c.h; path = "UIApplication+ZWAdd.h"; sourceTree = "<group>"; };
		5F763FE41FDA7DB2007DC385 /* UIApplication+ZWAdd.m */ = {isa = PBXFileReference; lastKnownFileType = sourcecode.c.objc; path = "UIApplication+ZWAdd.m"; sourceTree = "<group>"; };
		5F763FE61FDA8A74007DC385 /* UIFont+ZWAdd.h */ = {isa = PBXFileReference; lastKnownFileType = sourcecode.c.h; path = "UIFont+ZWAdd.h"; sourceTree = "<group>"; };
		5F763FE71FDA8A74007DC385 /* UIFont+ZWAdd.m */ = {isa = PBXFileReference; lastKnownFileType = sourcecode.c.objc; path = "UIFont+ZWAdd.m"; sourceTree = "<group>"; };
		5F763FE91FDA98F1007DC385 /* UIBezierPath+ZWAdd.h */ = {isa = PBXFileReference; lastKnownFileType = sourcecode.c.h; path = "UIBezierPath+ZWAdd.h"; sourceTree = "<group>"; };
		5F763FEA1FDA98F1007DC385 /* UIBezierPath+ZWAdd.m */ = {isa = PBXFileReference; lastKnownFileType = sourcecode.c.objc; path = "UIBezierPath+ZWAdd.m"; sourceTree = "<group>"; };
		5F78C9851FCE967200516913 /* ZWKit.h */ = {isa = PBXFileReference; lastKnownFileType = sourcecode.c.h; path = ZWKit.h; sourceTree = "<group>"; };
		5F78C9871FCE9B0800516913 /* ZWKitMacro.h */ = {isa = PBXFileReference; lastKnownFileType = sourcecode.c.h; path = ZWKitMacro.h; sourceTree = "<group>"; };
		5F78C9901FCEB92400516913 /* NSObject+ZWAdd.h */ = {isa = PBXFileReference; lastKnownFileType = sourcecode.c.h; path = "NSObject+ZWAdd.h"; sourceTree = "<group>"; };
		5F78C9911FCEB92400516913 /* NSObject+ZWAdd.m */ = {isa = PBXFileReference; lastKnownFileType = sourcecode.c.objc; path = "NSObject+ZWAdd.m"; sourceTree = "<group>"; };
		5F79F1471FDE182E00A7C711 /* AttributeMethod.h */ = {isa = PBXFileReference; lastKnownFileType = sourcecode.c.h; path = AttributeMethod.h; sourceTree = "<group>"; };
		5F79F1481FDE182E00A7C711 /* AttributeMethod.m */ = {isa = PBXFileReference; lastKnownFileType = sourcecode.c.objc; path = AttributeMethod.m; sourceTree = "<group>"; };
		5F79F14A1FDE185700A7C711 /* AttributeDes.md */ = {isa = PBXFileReference; lastKnownFileType = net.daringfireball.markdown; path = AttributeDes.md; sourceTree = "<group>"; };
		5FA443241FD535E30030F1AA /* NSArray+ZWAdd.h */ = {isa = PBXFileReference; lastKnownFileType = sourcecode.c.h; path = "NSArray+ZWAdd.h"; sourceTree = "<group>"; };
		5FA443251FD535E30030F1AA /* NSArray+ZWAdd.m */ = {isa = PBXFileReference; lastKnownFileType = sourcecode.c.objc; path = "NSArray+ZWAdd.m"; sourceTree = "<group>"; };
		5FA443271FD53BFC0030F1AA /* NSDictionary+ZWAdd.h */ = {isa = PBXFileReference; lastKnownFileType = sourcecode.c.h; path = "NSDictionary+ZWAdd.h"; sourceTree = "<group>"; };
		5FA443281FD53BFC0030F1AA /* NSDictionary+ZWAdd.m */ = {isa = PBXFileReference; lastKnownFileType = sourcecode.c.objc; path = "NSDictionary+ZWAdd.m"; sourceTree = "<group>"; };
		5FA4432A1FD553600030F1AA /* NSDate+ZWAdd.h */ = {isa = PBXFileReference; lastKnownFileType = sourcecode.c.h; path = "NSDate+ZWAdd.h"; sourceTree = "<group>"; };
		5FA4432B1FD553600030F1AA /* NSDate+ZWAdd.m */ = {isa = PBXFileReference; lastKnownFileType = sourcecode.c.objc; path = "NSDate+ZWAdd.m"; sourceTree = "<group>"; };
		5FA91D2E1FE79CA2005A18AF /* ZWImage.h */ = {isa = PBXFileReference; lastKnownFileType = sourcecode.c.h; path = ZWImage.h; sourceTree = "<group>"; };
		5FA91D2F1FE79CA2005A18AF /* ZWImage.m */ = {isa = PBXFileReference; lastKnownFileType = sourcecode.c.objc; path = ZWImage.m; sourceTree = "<group>"; };
		5FA91D311FE79D0E005A18AF /* ZWFrameImage.h */ = {isa = PBXFileReference; lastKnownFileType = sourcecode.c.h; path = ZWFrameImage.h; sourceTree = "<group>"; };
		5FA91D321FE79D0F005A18AF /* ZWFrameImage.m */ = {isa = PBXFileReference; lastKnownFileType = sourcecode.c.objc; path = ZWFrameImage.m; sourceTree = "<group>"; };
		5FA91D341FE79D70005A18AF /* ZWSpriteSheetImage.h */ = {isa = PBXFileReference; lastKnownFileType = sourcecode.c.h; path = ZWSpriteSheetImage.h; sourceTree = "<group>"; };
		5FA91D351FE79D70005A18AF /* ZWSpriteSheetImage.m */ = {isa = PBXFileReference; lastKnownFileType = sourcecode.c.objc; path = ZWSpriteSheetImage.m; sourceTree = "<group>"; };
		5FA91D371FE79DBF005A18AF /* ZWAnimatedImageView.h */ = {isa = PBXFileReference; lastKnownFileType = sourcecode.c.h; path = ZWAnimatedImageView.h; sourceTree = "<group>"; };
		5FA91D381FE79DBF005A18AF /* ZWAnimatedImageView.m */ = {isa = PBXFileReference; lastKnownFileType = sourcecode.c.objc; path = ZWAnimatedImageView.m; sourceTree = "<group>"; };
		5FA91D3A1FE79E82005A18AF /* ZWImageCoder.h */ = {isa = PBXFileReference; lastKnownFileType = sourcecode.c.h; path = ZWImageCoder.h; sourceTree = "<group>"; };
		5FA91D3B1FE79E82005A18AF /* ZWImageCoder.m */ = {isa = PBXFileReference; lastKnownFileType = sourcecode.c.objc; path = ZWImageCoder.m; sourceTree = "<group>"; };
		5FA91D3D1FE7A991005A18AF /* ZWWeakProxy.h */ = {isa = PBXFileReference; lastKnownFileType = sourcecode.c.h; path = ZWWeakProxy.h; sourceTree = "<group>"; };
		5FA91D3E1FE7A991005A18AF /* ZWWeakProxy.m */ = {isa = PBXFileReference; lastKnownFileType = sourcecode.c.objc; path = ZWWeakProxy.m; sourceTree = "<group>"; };
		5FA91D401FE7A9DD005A18AF /* ZWTextContainerView.h */ = {isa = PBXFileReference; lastKnownFileType = sourcecode.c.h; path = ZWTextContainerView.h; sourceTree = "<group>"; };
		5FA91D411FE7A9DD005A18AF /* ZWTextContainerView.m */ = {isa = PBXFileReference; lastKnownFileType = sourcecode.c.objc; path = ZWTextContainerView.m; sourceTree = "<group>"; };
		5FA91D431FE7AAB9005A18AF /* ZWTextSelectionView.h */ = {isa = PBXFileReference; lastKnownFileType = sourcecode.c.h; path = ZWTextSelectionView.h; sourceTree = "<group>"; };
		5FA91D441FE7AAB9005A18AF /* ZWTextSelectionView.m */ = {isa = PBXFileReference; lastKnownFileType = sourcecode.c.objc; path = ZWTextSelectionView.m; sourceTree = "<group>"; };
		5FA91D461FE7ABF3005A18AF /* ZWTextMagnifier.h */ = {isa = PBXFileReference; lastKnownFileType = sourcecode.c.h; path = ZWTextMagnifier.h; sourceTree = "<group>"; };
		5FA91D471FE7ABF3005A18AF /* ZWTextMagnifier.m */ = {isa = PBXFileReference; lastKnownFileType = sourcecode.c.objc; path = ZWTextMagnifier.m; sourceTree = "<group>"; };
		5FA91D491FE7AC9E005A18AF /* ZWTextEffectWindow.h */ = {isa = PBXFileReference; lastKnownFileType = sourcecode.c.h; path = ZWTextEffectWindow.h; sourceTree = "<group>"; };
		5FA91D4A1FE7AC9E005A18AF /* ZWTextEffectWindow.m */ = {isa = PBXFileReference; lastKnownFileType = sourcecode.c.objc; path = ZWTextEffectWindow.m; sourceTree = "<group>"; };
		5FA91D4C1FE7AF15005A18AF /* ZWTextKeyboardManager.h */ = {isa = PBXFileReference; lastKnownFileType = sourcecode.c.h; path = ZWTextKeyboardManager.h; sourceTree = "<group>"; };
		5FA91D4D1FE7AF15005A18AF /* ZWTextKeyboardManager.m */ = {isa = PBXFileReference; lastKnownFileType = sourcecode.c.objc; path = ZWTextKeyboardManager.m; sourceTree = "<group>"; };
		5FA91D4F1FE7B128005A18AF /* ZWAsyncLayer.h */ = {isa = PBXFileReference; lastKnownFileType = sourcecode.c.h; path = ZWAsyncLayer.h; sourceTree = "<group>"; };
		5FA91D501FE7B128005A18AF /* ZWAsyncLayer.m */ = {isa = PBXFileReference; lastKnownFileType = sourcecode.c.objc; path = ZWAsyncLayer.m; sourceTree = "<group>"; };
		5FA91D521FE7B4AE005A18AF /* ZWSentinel.h */ = {isa = PBXFileReference; lastKnownFileType = sourcecode.c.h; path = ZWSentinel.h; sourceTree = "<group>"; };
		5FA91D531FE7B4AE005A18AF /* ZWSentinel.m */ = {isa = PBXFileReference; lastKnownFileType = sourcecode.c.objc; path = ZWSentinel.m; sourceTree = "<group>"; };
		5FA91D551FE7B5B4005A18AF /* ZWTextView.h */ = {isa = PBXFileReference; lastKnownFileType = sourcecode.c.h; path = ZWTextView.h; sourceTree = "<group>"; };
		5FA91D561FE7B5B4005A18AF /* ZWTextView.m */ = {isa = PBXFileReference; lastKnownFileType = sourcecode.c.objc; path = ZWTextView.m; sourceTree = "<group>"; };
		5FA91D581FE7B69B005A18AF /* ZWTransaction.h */ = {isa = PBXFileReference; lastKnownFileType = sourcecode.c.h; path = ZWTransaction.h; sourceTree = "<group>"; };
		5FA91D591FE7B69B005A18AF /* ZWTransaction.m */ = {isa = PBXFileReference; lastKnownFileType = sourcecode.c.objc; path = ZWTransaction.m; sourceTree = "<group>"; };
		5FA91D5B1FE7B6F7005A18AF /* UIPasteboard+ZWText.h */ = {isa = PBXFileReference; lastKnownFileType = sourcecode.c.h; path = "UIPasteboard+ZWText.h"; sourceTree = "<group>"; };
		5FA91D5C1FE7B6F7005A18AF /* UIPasteboard+ZWText.m */ = {isa = PBXFileReference; lastKnownFileType = sourcecode.c.objc; path = "UIPasteboard+ZWText.m"; sourceTree = "<group>"; };
		5FADD7F51FE2575800A97775 /* ZWTextUtilities.h */ = {isa = PBXFileReference; lastKnownFileType = sourcecode.c.h; path = ZWTextUtilities.h; sourceTree = "<group>"; };
		5FADD7F61FE2575800A97775 /* ZWTextUtilities.m */ = {isa = PBXFileReference; lastKnownFileType = sourcecode.c.objc; path = ZWTextUtilities.m; sourceTree = "<group>"; };
		5FADD7F81FE2590E00A97775 /* ZWTextRunDelegate.h */ = {isa = PBXFileReference; lastKnownFileType = sourcecode.c.h; path = ZWTextRunDelegate.h; sourceTree = "<group>"; };
		5FADD7F91FE2590E00A97775 /* ZWTextRunDelegate.m */ = {isa = PBXFileReference; lastKnownFileType = sourcecode.c.objc; path = ZWTextRunDelegate.m; sourceTree = "<group>"; };
		5FADD7FB1FE25E9900A97775 /* ZWTextRubyAnnotation.h */ = {isa = PBXFileReference; lastKnownFileType = sourcecode.c.h; path = ZWTextRubyAnnotation.h; sourceTree = "<group>"; };
		5FADD7FC1FE25E9900A97775 /* ZWTextRubyAnnotation.m */ = {isa = PBXFileReference; lastKnownFileType = sourcecode.c.objc; path = ZWTextRubyAnnotation.m; sourceTree = "<group>"; };
		5FADD7FE1FE25F6F00A97775 /* NSAttributedString+ZWText.h */ = {isa = PBXFileReference; lastKnownFileType = sourcecode.c.h; path = "NSAttributedString+ZWText.h"; sourceTree = "<group>"; };
		5FADD7FF1FE25F6F00A97775 /* NSAttributedString+ZWText.m */ = {isa = PBXFileReference; lastKnownFileType = sourcecode.c.objc; path = "NSAttributedString+ZWText.m"; sourceTree = "<group>"; };
		5FADD8011FE260C800A97775 /* NSParagraphStyle+ZWText.h */ = {isa = PBXFileReference; lastKnownFileType = sourcecode.c.h; path = "NSParagraphStyle+ZWText.h"; sourceTree = "<group>"; };
		5FADD8021FE260C800A97775 /* NSParagraphStyle+ZWText.m */ = {isa = PBXFileReference; lastKnownFileType = sourcecode.c.objc; path = "NSParagraphStyle+ZWText.m"; sourceTree = "<group>"; };
		5FADD8041FE283A800A97775 /* ZWTextLine.h */ = {isa = PBXFileReference; lastKnownFileType = sourcecode.c.h; path = ZWTextLine.h; sourceTree = "<group>"; };
		5FADD8051FE283A800A97775 /* ZWTextLine.m */ = {isa = PBXFileReference; lastKnownFileType = sourcecode.c.objc; path = ZWTextLine.m; sourceTree = "<group>"; };
		5FADD8071FE2840C00A97775 /* ZWTextInput.h */ = {isa = PBXFileReference; lastKnownFileType = sourcecode.c.h; path = ZWTextInput.h; sourceTree = "<group>"; };
		5FADD8081FE2840C00A97775 /* ZWTextInput.m */ = {isa = PBXFileReference; lastKnownFileType = sourcecode.c.objc; path = ZWTextInput.m; sourceTree = "<group>"; };
		5FADD80A1FE2842B00A97775 /* ZWTextDebugOption.h */ = {isa = PBXFileReference; lastKnownFileType = sourcecode.c.h; path = ZWTextDebugOption.h; sourceTree = "<group>"; };
		5FADD80B1FE2842B00A97775 /* ZWTextDebugOption.m */ = {isa = PBXFileReference; lastKnownFileType = sourcecode.c.objc; path = ZWTextDebugOption.m; sourceTree = "<group>"; };
		5FCF86211FD8E45400D77FCA /* UIView+ZWAdd.h */ = {isa = PBXFileReference; lastKnownFileType = sourcecode.c.h; path = "UIView+ZWAdd.h"; sourceTree = "<group>"; };
		5FCF86221FD8E45400D77FCA /* UIView+ZWAdd.m */ = {isa = PBXFileReference; lastKnownFileType = sourcecode.c.objc; path = "UIView+ZWAdd.m"; sourceTree = "<group>"; };
		5FCF86241FD8EC6800D77FCA /* UIControl+ZWAdd.h */ = {isa = PBXFileReference; lastKnownFileType = sourcecode.c.h; path = "UIControl+ZWAdd.h"; sourceTree = "<group>"; };
		5FCF86251FD8EC6800D77FCA /* UIControl+ZWAdd.m */ = {isa = PBXFileReference; lastKnownFileType = sourcecode.c.objc; path = "UIControl+ZWAdd.m"; sourceTree = "<group>"; };
		5FCF86271FD9077600D77FCA /* UIBarButtonItem+ZWAdd.h */ = {isa = PBXFileReference; lastKnownFileType = sourcecode.c.h; path = "UIBarButtonItem+ZWAdd.h"; sourceTree = "<group>"; };
		5FCF86281FD9077600D77FCA /* UIBarButtonItem+ZWAdd.m */ = {isa = PBXFileReference; lastKnownFileType = sourcecode.c.objc; path = "UIBarButtonItem+ZWAdd.m"; sourceTree = "<group>"; };
		5FCF862A1FD9089B00D77FCA /* UIGestureRecognizer+ZWAdd.h */ = {isa = PBXFileReference; lastKnownFileType = sourcecode.c.h; path = "UIGestureRecognizer+ZWAdd.h"; sourceTree = "<group>"; };
		5FCF862B1FD9089B00D77FCA /* UIGestureRecognizer+ZWAdd.m */ = {isa = PBXFileReference; lastKnownFileType = sourcecode.c.objc; path = "UIGestureRecognizer+ZWAdd.m"; sourceTree = "<group>"; };
		5FD0FDD31FD77841006A6C19 /* yw_1222.jpg */ = {isa = PBXFileReference; lastKnownFileType = image.jpeg; name = yw_1222.jpg; path = ../../../../../../../../../../Downloads/yw_1222.jpg; sourceTree = "<group>"; };
		5FD0FDD71FD77B9B006A6C19 /* NSBundle+ZWAdd.h */ = {isa = PBXFileReference; lastKnownFileType = sourcecode.c.h; path = "NSBundle+ZWAdd.h"; sourceTree = "<group>"; };
		5FD0FDD81FD77B9B006A6C19 /* NSBundle+ZWAdd.m */ = {isa = PBXFileReference; lastKnownFileType = sourcecode.c.objc; path = "NSBundle+ZWAdd.m"; sourceTree = "<group>"; };
		5FD0FDDA1FD780EE006A6C19 /* NSThread+ZWAdd.h */ = {isa = PBXFileReference; lastKnownFileType = sourcecode.c.h; path = "NSThread+ZWAdd.h"; sourceTree = "<group>"; };
		5FD0FDDB1FD780EE006A6C19 /* NSThread+ZWAdd.m */ = {isa = PBXFileReference; lastKnownFileType = sourcecode.c.objc; path = "NSThread+ZWAdd.m"; sourceTree = "<group>"; };
		5FD0FDDD1FD786DA006A6C19 /* UIColor+ZWAdd.h */ = {isa = PBXFileReference; lastKnownFileType = sourcecode.c.h; path = "UIColor+ZWAdd.h"; sourceTree = "<group>"; };
		5FD0FDDE1FD786DA006A6C19 /* UIColor+ZWAdd.m */ = {isa = PBXFileReference; lastKnownFileType = sourcecode.c.objc; path = "UIColor+ZWAdd.m"; sourceTree = "<group>"; };
		5FD0FDE01FD7B807006A6C19 /* UIImage+ZWAdd.h */ = {isa = PBXFileReference; lastKnownFileType = sourcecode.c.h; path = "UIImage+ZWAdd.h"; sourceTree = "<group>"; };
		5FD0FDE11FD7B807006A6C19 /* UIImage+ZWAdd.m */ = {isa = PBXFileReference; lastKnownFileType = sourcecode.c.objc; path = "UIImage+ZWAdd.m"; sourceTree = "<group>"; };
		5FD0FDE31FD7BE2D006A6C19 /* ZWCGUtilities.h */ = {isa = PBXFileReference; lastKnownFileType = sourcecode.c.h; path = ZWCGUtilities.h; sourceTree = "<group>"; };
		5FD0FDE41FD7BE2D006A6C19 /* ZWCGUtilities.m */ = {isa = PBXFileReference; lastKnownFileType = sourcecode.c.objc; path = ZWCGUtilities.m; sourceTree = "<group>"; };
		5FD4BF7A1FBD22880020072F /* OCToolsDemo.app */ = {isa = PBXFileReference; explicitFileType = wrapper.application; includeInIndex = 0; path = OCToolsDemo.app; sourceTree = BUILT_PRODUCTS_DIR; };
		5FD4BF7D1FBD22880020072F /* AppDelegate.h */ = {isa = PBXFileReference; lastKnownFileType = sourcecode.c.h; path = AppDelegate.h; sourceTree = "<group>"; };
		5FD4BF7E1FBD22880020072F /* AppDelegate.m */ = {isa = PBXFileReference; lastKnownFileType = sourcecode.c.objc; path = AppDelegate.m; sourceTree = "<group>"; };
		5FD4BF801FBD22880020072F /* ViewController.h */ = {isa = PBXFileReference; lastKnownFileType = sourcecode.c.h; path = ViewController.h; sourceTree = "<group>"; };
		5FD4BF811FBD22880020072F /* ViewController.m */ = {isa = PBXFileReference; lastKnownFileType = sourcecode.c.objc; path = ViewController.m; sourceTree = "<group>"; };
		5FD4BF841FBD22880020072F /* Base */ = {isa = PBXFileReference; lastKnownFileType = file.storyboard; name = Base; path = Base.lproj/Main.storyboard; sourceTree = "<group>"; };
		5FD4BF861FBD22880020072F /* Assets.xcassets */ = {isa = PBXFileReference; lastKnownFileType = folder.assetcatalog; path = Assets.xcassets; sourceTree = "<group>"; };
		5FD4BF891FBD22880020072F /* Base */ = {isa = PBXFileReference; lastKnownFileType = file.storyboard; name = Base; path = Base.lproj/LaunchScreen.storyboard; sourceTree = "<group>"; };
		5FD4BF8B1FBD22880020072F /* Info.plist */ = {isa = PBXFileReference; lastKnownFileType = text.plist.xml; path = Info.plist; sourceTree = "<group>"; };
		5FD4BF8C1FBD22880020072F /* main.m */ = {isa = PBXFileReference; lastKnownFileType = sourcecode.c.objc; path = main.m; sourceTree = "<group>"; };
		5FD4BF931FBD2CEF0020072F /* TextView.h */ = {isa = PBXFileReference; lastKnownFileType = sourcecode.c.h; path = TextView.h; sourceTree = "<group>"; };
		5FD4BF941FBD2CEF0020072F /* TextView.m */ = {isa = PBXFileReference; lastKnownFileType = sourcecode.c.objc; path = TextView.m; sourceTree = "<group>"; };
		5FE7525C1FCD03E200F9B52E /* lock_benchmark.png */ = {isa = PBXFileReference; lastKnownFileType = image.png; path = lock_benchmark.png; sourceTree = "<group>"; };
		5FE7525D1FCD040400F9B52E /* description.txt */ = {isa = PBXFileReference; lastKnownFileType = text; path = description.txt; sourceTree = "<group>"; };
		5FE7525F1FCD04A600F9B52E /* ThreadTestViewController.h */ = {isa = PBXFileReference; lastKnownFileType = sourcecode.c.h; path = ThreadTestViewController.h; sourceTree = "<group>"; };
		5FE752601FCD04A600F9B52E /* ThreadTestViewController.m */ = {isa = PBXFileReference; lastKnownFileType = sourcecode.c.objc; path = ThreadTestViewController.m; sourceTree = "<group>"; };
		A05E47881FDCD126006ED9E1 /* CALayer+ZWAdd.h */ = {isa = PBXFileReference; lastKnownFileType = sourcecode.c.h; path = "CALayer+ZWAdd.h"; sourceTree = "<group>"; };
		A05E47891FDCD126006ED9E1 /* CALayer+ZWAdd.m */ = {isa = PBXFileReference; lastKnownFileType = sourcecode.c.objc; path = "CALayer+ZWAdd.m"; sourceTree = "<group>"; };
		A05E478E1FDCD62D006ED9E1 /* NSObject+ZWModel.h */ = {isa = PBXFileReference; lastKnownFileType = sourcecode.c.h; path = "NSObject+ZWModel.h"; sourceTree = "<group>"; };
		A05E478F1FDCD62D006ED9E1 /* NSObject+ZWModel.m */ = {isa = PBXFileReference; lastKnownFileType = sourcecode.c.objc; path = "NSObject+ZWModel.m"; sourceTree = "<group>"; };
		A05E47911FDD0737006ED9E1 /* ZWClassInfo.h */ = {isa = PBXFileReference; lastKnownFileType = sourcecode.c.h; path = ZWClassInfo.h; sourceTree = "<group>"; };
		A05E47921FDD0737006ED9E1 /* ZWClassInfo.m */ = {isa = PBXFileReference; lastKnownFileType = sourcecode.c.objc; path = ZWClassInfo.m; sourceTree = "<group>"; };
/* End PBXFileReference section */

/* Begin PBXFrameworksBuildPhase section */
		5FD4BF771FBD22880020072F /* Frameworks */ = {
			isa = PBXFrameworksBuildPhase;
			buildActionMask = 2147483647;
			files = (
			);
			runOnlyForDeploymentPostprocessing = 0;
		};
/* End PBXFrameworksBuildPhase section */

/* Begin PBXGroup section */
		5F424C411FDF6E520006B6F5 /* String */ = {
			isa = PBXGroup;
			children = (
				5F424C421FDF6EDC0006B6F5 /* ZWTextAttribute.h */,
				5F424C431FDF6EDC0006B6F5 /* ZWTextAttribute.m */,
				5F424C451FDF71350006B6F5 /* ZWTextArchiver.h */,
				5F424C461FDF71350006B6F5 /* ZWTextArchiver.m */,
				5F424C481FDF71770006B6F5 /* ZWTextParser.h */,
				5F424C491FDF71770006B6F5 /* ZWTextParser.m */,
				5FADD7F51FE2575800A97775 /* ZWTextUtilities.h */,
				5FADD7F61FE2575800A97775 /* ZWTextUtilities.m */,
				5FADD7F81FE2590E00A97775 /* ZWTextRunDelegate.h */,
				5FADD7F91FE2590E00A97775 /* ZWTextRunDelegate.m */,
				5FADD7FB1FE25E9900A97775 /* ZWTextRubyAnnotation.h */,
				5FADD7FC1FE25E9900A97775 /* ZWTextRubyAnnotation.m */,
				5FADD7FE1FE25F6F00A97775 /* NSAttributedString+ZWText.h */,
				5FADD7FF1FE25F6F00A97775 /* NSAttributedString+ZWText.m */,
				5FADD8011FE260C800A97775 /* NSParagraphStyle+ZWText.h */,
				5FADD8021FE260C800A97775 /* NSParagraphStyle+ZWText.m */,
				5FA91D5B1FE7B6F7005A18AF /* UIPasteboard+ZWText.h */,
				5FA91D5C1FE7B6F7005A18AF /* UIPasteboard+ZWText.m */,
			);
			path = String;
			sourceTree = "<group>";
		};
		5F424C4B1FDF71FB0006B6F5 /* Component */ = {
			isa = PBXGroup;
			children = (
				5F424C4C1FDF730E0006B6F5 /* ZWTextLayout.h */,
				5F424C4D1FDF730E0006B6F5 /* ZWTextLayout.m */,
				5FADD8041FE283A800A97775 /* ZWTextLine.h */,
				5FADD8051FE283A800A97775 /* ZWTextLine.m */,
				5FADD8071FE2840C00A97775 /* ZWTextInput.h */,
				5FADD8081FE2840C00A97775 /* ZWTextInput.m */,
				5FADD80A1FE2842B00A97775 /* ZWTextDebugOption.h */,
				5FADD80B1FE2842B00A97775 /* ZWTextDebugOption.m */,
				5FA91D401FE7A9DD005A18AF /* ZWTextContainerView.h */,
				5FA91D411FE7A9DD005A18AF /* ZWTextContainerView.m */,
				5FA91D431FE7AAB9005A18AF /* ZWTextSelectionView.h */,
				5FA91D441FE7AAB9005A18AF /* ZWTextSelectionView.m */,
				5FA91D461FE7ABF3005A18AF /* ZWTextMagnifier.h */,
				5FA91D471FE7ABF3005A18AF /* ZWTextMagnifier.m */,
				5FA91D491FE7AC9E005A18AF /* ZWTextEffectWindow.h */,
				5FA91D4A1FE7AC9E005A18AF /* ZWTextEffectWindow.m */,
				5FA91D4C1FE7AF15005A18AF /* ZWTextKeyboardManager.h */,
				5FA91D4D1FE7AF15005A18AF /* ZWTextKeyboardManager.m */,
			);
			path = Component;
			sourceTree = "<group>";
		};
		5F50F2721FD63F4B003B43EC /* Resource */ = {
			isa = PBXGroup;
			children = (
				5F50F2731FD63F54003B43EC /* images */,
			);
			path = Resource;
			sourceTree = "<group>";
		};
		5F50F2731FD63F54003B43EC /* images */ = {
			isa = PBXGroup;
			children = (
				5FD0FDD31FD77841006A6C19 /* yw_1222.jpg */,
			);
			path = images;
			sourceTree = "<group>";
		};
		5F71B64A1FCFCB3400954698 /* Category */ = {
			isa = PBXGroup;
			children = (
				5F71B64B1FCFCB4E00954698 /* NSObject+performSelector.h */,
				5F71B64C1FCFCB4E00954698 /* NSObject+performSelector.m */,
				5F50F26F1FD63DFD003B43EC /* UIImage+QRCode.h */,
				5F50F2701FD63DFD003B43EC /* UIImage+QRCode.m */,
			);
			path = Category;
			sourceTree = "<group>";
		};
		5F78C9861FCE9ADC00516913 /* Base */ = {
			isa = PBXGroup;
			children = (
				5F78C9871FCE9B0800516913 /* ZWKitMacro.h */,
				5F78C9881FCEB77400516913 /* Foundation */,
				5F78C9891FCEB78300516913 /* UIKit */,
				5F78C98A1FCEB78900516913 /* Quartz */,
			);
			path = Base;
			sourceTree = "<group>";
		};
		5F78C9881FCEB77400516913 /* Foundation */ = {
			isa = PBXGroup;
			children = (
				5F78C9901FCEB92400516913 /* NSObject+ZWAdd.h */,
				5F78C9911FCEB92400516913 /* NSObject+ZWAdd.m */,
				5F4D120D1FCFB1B700B39529 /* NSObject+ZWAddForARC.h */,
				5F4D120E1FCFB1B700B39529 /* NSObject+ZWAddForARC.m */,
				5F4D12101FCFB30400B39529 /* NSObject+ZWAddForKVO.h */,
				5F4D12111FCFB30400B39529 /* NSObject+ZWAddForKVO.m */,
				5F43E6EC1FCFE87C00C6F221 /* NSString+ZWAdd.h */,
				5F43E6ED1FCFE87C00C6F221 /* NSString+ZWAdd.m */,
				5F43E6EF1FCFE98F00C6F221 /* NSData+ZWAdd.h */,
				5F43E6F01FCFE98F00C6F221 /* NSData+ZWAdd.m */,
				5F43E6F21FD00B3C00C6F221 /* NSNumber+ZWAdd.h */,
				5F43E6F31FD00B3C00C6F221 /* NSNumber+ZWAdd.m */,
				5FA443241FD535E30030F1AA /* NSArray+ZWAdd.h */,
				5FA443251FD535E30030F1AA /* NSArray+ZWAdd.m */,
				5FA443271FD53BFC0030F1AA /* NSDictionary+ZWAdd.h */,
				5FA443281FD53BFC0030F1AA /* NSDictionary+ZWAdd.m */,
				5FA4432A1FD553600030F1AA /* NSDate+ZWAdd.h */,
				5FA4432B1FD553600030F1AA /* NSDate+ZWAdd.m */,
				5F50F31A1FD6A185003B43EC /* NSNotificationCenter+ZWAdd.h */,
				5F50F31B1FD6A185003B43EC /* NSNotificationCenter+ZWAdd.m */,
				5F50F31D1FD6A30B003B43EC /* NSKeyedUnarchiver+ZWAdd.h */,
				5F50F31E1FD6A30B003B43EC /* NSKeyedUnarchiver+ZWAdd.m */,
				5F50F3201FD6A5F9003B43EC /* NSTimer+ZWAdd.h */,
				5F50F3211FD6A5F9003B43EC /* NSTimer+ZWAdd.m */,
				5FD0FDD71FD77B9B006A6C19 /* NSBundle+ZWAdd.h */,
				5FD0FDD81FD77B9B006A6C19 /* NSBundle+ZWAdd.m */,
				5FD0FDDA1FD780EE006A6C19 /* NSThread+ZWAdd.h */,
				5FD0FDDB1FD780EE006A6C19 /* NSThread+ZWAdd.m */,
			);
			path = Foundation;
			sourceTree = "<group>";
		};
		5F78C9891FCEB78300516913 /* UIKit */ = {
			isa = PBXGroup;
			children = (
				5FD0FDDD1FD786DA006A6C19 /* UIColor+ZWAdd.h */,
				5FD0FDDE1FD786DA006A6C19 /* UIColor+ZWAdd.m */,
				5FD0FDE01FD7B807006A6C19 /* UIImage+ZWAdd.h */,
				5FD0FDE11FD7B807006A6C19 /* UIImage+ZWAdd.m */,
				5FCF86241FD8EC6800D77FCA /* UIControl+ZWAdd.h */,
				5FCF86251FD8EC6800D77FCA /* UIControl+ZWAdd.m */,
				5FCF86271FD9077600D77FCA /* UIBarButtonItem+ZWAdd.h */,
				5FCF86281FD9077600D77FCA /* UIBarButtonItem+ZWAdd.m */,
				5FCF862A1FD9089B00D77FCA /* UIGestureRecognizer+ZWAdd.h */,
				5FCF862B1FD9089B00D77FCA /* UIGestureRecognizer+ZWAdd.m */,
				5FCF86211FD8E45400D77FCA /* UIView+ZWAdd.h */,
				5FCF86221FD8E45400D77FCA /* UIView+ZWAdd.m */,
				5F763FD41FDA651C007DC385 /* UIScrollView+ZWAdd.h */,
				5F763FD51FDA651C007DC385 /* UIScrollView+ZWAdd.m */,
				5F763FD71FDA6635007DC385 /* UITableView+ZWAdd.h */,
				5F763FD81FDA6635007DC385 /* UITableView+ZWAdd.m */,
				5F763FDA1FDA6793007DC385 /* UITextField+ZWAdd.h */,
				5F763FDB1FDA6793007DC385 /* UITextField+ZWAdd.m */,
				5F763FDD1FDA684C007DC385 /* UIScreen+ZWAdd.h */,
				5F763FDE1FDA684C007DC385 /* UIScreen+ZWAdd.m */,
				5F763FE01FDA68FF007DC385 /* UIDevice+ZWAdd.h */,
				5F763FE11FDA68FF007DC385 /* UIDevice+ZWAdd.m */,
				5F763FE31FDA7DB2007DC385 /* UIApplication+ZWAdd.h */,
				5F763FE41FDA7DB2007DC385 /* UIApplication+ZWAdd.m */,
				5F763FE61FDA8A74007DC385 /* UIFont+ZWAdd.h */,
				5F763FE71FDA8A74007DC385 /* UIFont+ZWAdd.m */,
				5F763FE91FDA98F1007DC385 /* UIBezierPath+ZWAdd.h */,
				5F763FEA1FDA98F1007DC385 /* UIBezierPath+ZWAdd.m */,
			);
			path = UIKit;
			sourceTree = "<group>";
		};
		5F78C98A1FCEB78900516913 /* Quartz */ = {
			isa = PBXGroup;
			children = (
				5FD0FDE31FD7BE2D006A6C19 /* ZWCGUtilities.h */,
				5FD0FDE41FD7BE2D006A6C19 /* ZWCGUtilities.m */,
				A05E47881FDCD126006ED9E1 /* CALayer+ZWAdd.h */,
				A05E47891FDCD126006ED9E1 /* CALayer+ZWAdd.m */,
			);
			path = Quartz;
			sourceTree = "<group>";
		};
		5F78C98C1FCEB7CB00516913 /* Cache */ = {
			isa = PBXGroup;
			children = (
			);
			path = Cache;
			sourceTree = "<group>";
		};
		5F78C98D1FCEB7D400516913 /* Image */ = {
			isa = PBXGroup;
			children = (
				5FA91D2E1FE79CA2005A18AF /* ZWImage.h */,
				5FA91D2F1FE79CA2005A18AF /* ZWImage.m */,
				5FA91D311FE79D0E005A18AF /* ZWFrameImage.h */,
				5FA91D321FE79D0F005A18AF /* ZWFrameImage.m */,
				5FA91D341FE79D70005A18AF /* ZWSpriteSheetImage.h */,
				5FA91D351FE79D70005A18AF /* ZWSpriteSheetImage.m */,
				5FA91D371FE79DBF005A18AF /* ZWAnimatedImageView.h */,
				5FA91D381FE79DBF005A18AF /* ZWAnimatedImageView.m */,
				5FA91D3A1FE79E82005A18AF /* ZWImageCoder.h */,
				5FA91D3B1FE79E82005A18AF /* ZWImageCoder.m */,
			);
			path = Image;
			sourceTree = "<group>";
		};
		5F78C98E1FCEB7D900516913 /* Text */ = {
			isa = PBXGroup;
			children = (
				5F424C3E1FDF6D0D0006B6F5 /* ZWLabel.h */,
				5F424C3F1FDF6D0D0006B6F5 /* ZWLabel.m */,
				5FA91D551FE7B5B4005A18AF /* ZWTextView.h */,
				5FA91D561FE7B5B4005A18AF /* ZWTextView.m */,
				5F424C411FDF6E520006B6F5 /* String */,
				5F424C4B1FDF71FB0006B6F5 /* Component */,
			);
			path = Text;
			sourceTree = "<group>";
		};
		5F78C98F1FCEB7DF00516913 /* Utility */ = {
			isa = PBXGroup;
			children = (
				5FA91D3D1FE7A991005A18AF /* ZWWeakProxy.h */,
				5FA91D3E1FE7A991005A18AF /* ZWWeakProxy.m */,
				5FA91D4F1FE7B128005A18AF /* ZWAsyncLayer.h */,
				5FA91D501FE7B128005A18AF /* ZWAsyncLayer.m */,
				5FA91D521FE7B4AE005A18AF /* ZWSentinel.h */,
				5FA91D531FE7B4AE005A18AF /* ZWSentinel.m */,
				5FA91D581FE7B69B005A18AF /* ZWTransaction.h */,
				5FA91D591FE7B69B005A18AF /* ZWTransaction.m */,
			);
			path = Utility;
			sourceTree = "<group>";
		};
		5F79F1461FDE17F700A7C711 /* Attribute黑魔法 */ = {
			isa = PBXGroup;
			children = (
				5F79F1471FDE182E00A7C711 /* AttributeMethod.h */,
				5F79F1481FDE182E00A7C711 /* AttributeMethod.m */,
				5F79F14A1FDE185700A7C711 /* AttributeDes.md */,
			);
			path = "Attribute黑魔法";
			sourceTree = "<group>";
		};
		5FD4BF711FBD22880020072F = {
			isa = PBXGroup;
			children = (
				5FD4BF7C1FBD22880020072F /* OCToolsDemo */,
				5FD4BF7B1FBD22880020072F /* Products */,
			);
			sourceTree = "<group>";
		};
		5FD4BF7B1FBD22880020072F /* Products */ = {
			isa = PBXGroup;
			children = (
				5FD4BF7A1FBD22880020072F /* OCToolsDemo.app */,
			);
			name = Products;
			sourceTree = "<group>";
		};
		5FD4BF7C1FBD22880020072F /* OCToolsDemo */ = {
			isa = PBXGroup;
			children = (
				5FE7525A1FCD034E00F9B52E /* OCTools性能测试 */,
				5FE752581FCD033800F9B52E /* OCTools */,
				5FD4BF7D1FBD22880020072F /* AppDelegate.h */,
				5FD4BF7E1FBD22880020072F /* AppDelegate.m */,
				5FD4BF801FBD22880020072F /* ViewController.h */,
				5FD4BF811FBD22880020072F /* ViewController.m */,
				5FD4BF831FBD22880020072F /* Main.storyboard */,
				5FD4BF861FBD22880020072F /* Assets.xcassets */,
				5FD4BF881FBD22880020072F /* LaunchScreen.storyboard */,
				5FD4BF8B1FBD22880020072F /* Info.plist */,
				5FD4BF8C1FBD22880020072F /* main.m */,
				5FD4BF931FBD2CEF0020072F /* TextView.h */,
				5FD4BF941FBD2CEF0020072F /* TextView.m */,
			);
			path = OCToolsDemo;
			sourceTree = "<group>";
		};
		5FE752581FCD033800F9B52E /* OCTools */ = {
			isa = PBXGroup;
			children = (
				5F50F2721FD63F4B003B43EC /* Resource */,
				5F71B64A1FCFCB3400954698 /* Category */,
				5FE752591FCD034400F9B52E /* ZWKit */,
			);
			path = OCTools;
			sourceTree = "<group>";
		};
		5FE752591FCD034400F9B52E /* ZWKit */ = {
			isa = PBXGroup;
			children = (
				5F78C9851FCE967200516913 /* ZWKit.h */,
				5F78C9861FCE9ADC00516913 /* Base */,
				A05E478D1FDCD5FC006ED9E1 /* Model */,
				5F78C98E1FCEB7D900516913 /* Text */,
				5F78C98F1FCEB7DF00516913 /* Utility */,
				5F78C98D1FCEB7D400516913 /* Image */,
				5F78C98C1FCEB7CB00516913 /* Cache */,
			);
			path = ZWKit;
			sourceTree = "<group>";
		};
		5FE7525A1FCD034E00F9B52E /* OCTools性能测试 */ = {
			isa = PBXGroup;
			children = (
				5F79F1461FDE17F700A7C711 /* Attribute黑魔法 */,
				5FE7525B1FCD036900F9B52E /* OSSpinLock(线程锁的对比) */,
			);
			path = "OCTools性能测试";
			sourceTree = "<group>";
		};
		5FE7525B1FCD036900F9B52E /* OSSpinLock(线程锁的对比) */ = {
			isa = PBXGroup;
			children = (
				5FE7525C1FCD03E200F9B52E /* lock_benchmark.png */,
				5FE7525D1FCD040400F9B52E /* description.txt */,
				5FE7525F1FCD04A600F9B52E /* ThreadTestViewController.h */,
				5FE752601FCD04A600F9B52E /* ThreadTestViewController.m */,
			);
			path = "OSSpinLock(线程锁的对比)";
			sourceTree = "<group>";
		};
		A05E478D1FDCD5FC006ED9E1 /* Model */ = {
			isa = PBXGroup;
			children = (
				A05E478E1FDCD62D006ED9E1 /* NSObject+ZWModel.h */,
				A05E478F1FDCD62D006ED9E1 /* NSObject+ZWModel.m */,
				A05E47911FDD0737006ED9E1 /* ZWClassInfo.h */,
				A05E47921FDD0737006ED9E1 /* ZWClassInfo.m */,
			);
			path = Model;
			sourceTree = "<group>";
		};
/* End PBXGroup section */

/* Begin PBXNativeTarget section */
		5FD4BF791FBD22880020072F /* OCToolsDemo */ = {
			isa = PBXNativeTarget;
			buildConfigurationList = 5FD4BF901FBD22880020072F /* Build configuration list for PBXNativeTarget "OCToolsDemo" */;
			buildPhases = (
				5FD4BF761FBD22880020072F /* Sources */,
				5FD4BF771FBD22880020072F /* Frameworks */,
				5FD4BF781FBD22880020072F /* Resources */,
			);
			buildRules = (
			);
			dependencies = (
			);
			name = OCToolsDemo;
			productName = OCToolsDemo;
			productReference = 5FD4BF7A1FBD22880020072F /* OCToolsDemo.app */;
			productType = "com.apple.product-type.application";
		};
/* End PBXNativeTarget section */

/* Begin PBXProject section */
		5FD4BF721FBD22880020072F /* Project object */ = {
			isa = PBXProject;
			attributes = {
				LastUpgradeCheck = 0900;
				ORGANIZATIONNAME = chengfei;
				TargetAttributes = {
					5FD4BF791FBD22880020072F = {
						CreatedOnToolsVersion = 9.0;
						ProvisioningStyle = Automatic;
					};
				};
			};
			buildConfigurationList = 5FD4BF751FBD22880020072F /* Build configuration list for PBXProject "OCToolsDemo" */;
			compatibilityVersion = "Xcode 8.0";
			developmentRegion = en;
			hasScannedForEncodings = 0;
			knownRegions = (
				en,
				Base,
			);
			mainGroup = 5FD4BF711FBD22880020072F;
			productRefGroup = 5FD4BF7B1FBD22880020072F /* Products */;
			projectDirPath = "";
			projectRoot = "";
			targets = (
				5FD4BF791FBD22880020072F /* OCToolsDemo */,
			);
		};
/* End PBXProject section */

/* Begin PBXResourcesBuildPhase section */
		5FD4BF781FBD22880020072F /* Resources */ = {
			isa = PBXResourcesBuildPhase;
			buildActionMask = 2147483647;
			files = (
				5F79F14B1FDE185700A7C711 /* AttributeDes.md in Resources */,
				5FD4BF8A1FBD22880020072F /* LaunchScreen.storyboard in Resources */,
				5FE7525E1FCD040400F9B52E /* description.txt in Resources */,
				5FD4BF871FBD22880020072F /* Assets.xcassets in Resources */,
				5FD4BF851FBD22880020072F /* Main.storyboard in Resources */,
			);
			runOnlyForDeploymentPostprocessing = 0;
		};
/* End PBXResourcesBuildPhase section */

/* Begin PBXSourcesBuildPhase section */
		5FD4BF761FBD22880020072F /* Sources */ = {
			isa = PBXSourcesBuildPhase;
			buildActionMask = 2147483647;
			files = (
				5FADD7F71FE2575800A97775 /* ZWTextUtilities.m in Sources */,
				5FADD8061FE283A800A97775 /* ZWTextLine.m in Sources */,
				5F763FEB1FDA98F1007DC385 /* UIBezierPath+ZWAdd.m in Sources */,
				5FA91D361FE79D70005A18AF /* ZWSpriteSheetImage.m in Sources */,
				5F4D120F1FCFB1B700B39529 /* NSObject+ZWAddForARC.m in Sources */,
				5F763FDC1FDA6793007DC385 /* UITextField+ZWAdd.m in Sources */,
				5FD4BF821FBD22880020072F /* ViewController.m in Sources */,
				5FA443261FD535E30030F1AA /* NSArray+ZWAdd.m in Sources */,
				5FA91D511FE7B128005A18AF /* ZWAsyncLayer.m in Sources */,
				5FA91D4B1FE7AC9E005A18AF /* ZWTextEffectWindow.m in Sources */,
				5FA91D571FE7B5B4005A18AF /* ZWTextView.m in Sources */,
				5FA91D421FE7A9DD005A18AF /* ZWTextContainerView.m in Sources */,
				5F424C4E1FDF730E0006B6F5 /* ZWTextLayout.m in Sources */,
				5FD4BF951FBD2CEF0020072F /* TextView.m in Sources */,
				5FADD7FA1FE2590E00A97775 /* ZWTextRunDelegate.m in Sources */,
				5FADD8091FE2840C00A97775 /* ZWTextInput.m in Sources */,
				5FADD8031FE260C800A97775 /* NSParagraphStyle+ZWText.m in Sources */,
				5FA91D301FE79CA2005A18AF /* ZWImage.m in Sources */,
				A05E478A1FDCD126006ED9E1 /* CALayer+ZWAdd.m in Sources */,
				5FD0FDE21FD7B807006A6C19 /* UIImage+ZWAdd.m in Sources */,
				5FA4432C1FD553600030F1AA /* NSDate+ZWAdd.m in Sources */,
				5FCF86261FD8EC6800D77FCA /* UIControl+ZWAdd.m in Sources */,
				5F424C441FDF6EDC0006B6F5 /* ZWTextAttribute.m in Sources */,
				5FA91D541FE7B4AE005A18AF /* ZWSentinel.m in Sources */,
				5F424C401FDF6D0D0006B6F5 /* ZWLabel.m in Sources */,
				5FA91D5D1FE7B6F7005A18AF /* UIPasteboard+ZWText.m in Sources */,
				5F763FE81FDA8A74007DC385 /* UIFont+ZWAdd.m in Sources */,
				5FADD8001FE25F6F00A97775 /* NSAttributedString+ZWText.m in Sources */,
				5FA91D3F1FE7A991005A18AF /* ZWWeakProxy.m in Sources */,
				A05E47931FDD0737006ED9E1 /* ZWClassInfo.m in Sources */,
				5F50F2711FD63DFD003B43EC /* UIImage+QRCode.m in Sources */,
				5F424C471FDF71350006B6F5 /* ZWTextArchiver.m in Sources */,
				5FCF86291FD9077600D77FCA /* UIBarButtonItem+ZWAdd.m in Sources */,
				5F71B64D1FCFCB4E00954698 /* NSObject+performSelector.m in Sources */,
				5FA91D331FE79D0F005A18AF /* ZWFrameImage.m in Sources */,
				5FA91D451FE7AAB9005A18AF /* ZWTextSelectionView.m in Sources */,
				5FA91D391FE79DBF005A18AF /* ZWAnimatedImageView.m in Sources */,
				5F763FE21FDA68FF007DC385 /* UIDevice+ZWAdd.m in Sources */,
				5F43E6EE1FCFE87C00C6F221 /* NSString+ZWAdd.m in Sources */,
				5FADD80C1FE2842B00A97775 /* ZWTextDebugOption.m in Sources */,
				5F763FD61FDA651C007DC385 /* UIScrollView+ZWAdd.m in Sources */,
				5FD4BF8D1FBD22880020072F /* main.m in Sources */,
				5F763FE51FDA7DB2007DC385 /* UIApplication+ZWAdd.m in Sources */,
				5F763FDF1FDA684C007DC385 /* UIScreen+ZWAdd.m in Sources */,
				5F424C4A1FDF71770006B6F5 /* ZWTextParser.m in Sources */,
				5FD4BF7F1FBD22880020072F /* AppDelegate.m in Sources */,
				5F50F3221FD6A5F9003B43EC /* NSTimer+ZWAdd.m in Sources */,
				A05E47901FDCD62D006ED9E1 /* NSObject+ZWModel.m in Sources */,
				5F43E6F11FCFE98F00C6F221 /* NSData+ZWAdd.m in Sources */,
				5F79F1491FDE182E00A7C711 /* AttributeMethod.m in Sources */,
				5FA91D3C1FE79E82005A18AF /* ZWImageCoder.m in Sources */,
				5FCF86231FD8E45400D77FCA /* UIView+ZWAdd.m in Sources */,
				5FA443291FD53BFC0030F1AA /* NSDictionary+ZWAdd.m in Sources */,
				5F78C9921FCEB92400516913 /* NSObject+ZWAdd.m in Sources */,
				5FADD7FD1FE25E9900A97775 /* ZWTextRubyAnnotation.m in Sources */,
				5F4D12121FCFB30400B39529 /* NSObject+ZWAddForKVO.m in Sources */,
				5FA91D4E1FE7AF15005A18AF /* ZWTextKeyboardManager.m in Sources */,
				5FD0FDD91FD77B9B006A6C19 /* NSBundle+ZWAdd.m in Sources */,
				5FCF862C1FD9089B00D77FCA /* UIGestureRecognizer+ZWAdd.m in Sources */,
				5FD0FDE51FD7BE2D006A6C19 /* ZWCGUtilities.m in Sources */,
				5F43E6F41FD00B3C00C6F221 /* NSNumber+ZWAdd.m in Sources */,
				5F50F31F1FD6A30B003B43EC /* NSKeyedUnarchiver+ZWAdd.m in Sources */,
				5FA91D481FE7ABF3005A18AF /* ZWTextMagnifier.m in Sources */,
				5F50F31C1FD6A185003B43EC /* NSNotificationCenter+ZWAdd.m in Sources */,
				5F763FD91FDA6635007DC385 /* UITableView+ZWAdd.m in Sources */,
				5FE752611FCD04A600F9B52E /* ThreadTestViewController.m in Sources */,
				5FA91D5A1FE7B69B005A18AF /* ZWTransaction.m in Sources */,
				5FD0FDDF1FD786DA006A6C19 /* UIColor+ZWAdd.m in Sources */,
				5FD0FDDC1FD780EE006A6C19 /* NSThread+ZWAdd.m in Sources */,
			);
			runOnlyForDeploymentPostprocessing = 0;
		};
/* End PBXSourcesBuildPhase section */

/* Begin PBXVariantGroup section */
		5FD4BF831FBD22880020072F /* Main.storyboard */ = {
			isa = PBXVariantGroup;
			children = (
				5FD4BF841FBD22880020072F /* Base */,
			);
			name = Main.storyboard;
			sourceTree = "<group>";
		};
		5FD4BF881FBD22880020072F /* LaunchScreen.storyboard */ = {
			isa = PBXVariantGroup;
			children = (
				5FD4BF891FBD22880020072F /* Base */,
			);
			name = LaunchScreen.storyboard;
			sourceTree = "<group>";
		};
/* End PBXVariantGroup section */

/* Begin XCBuildConfiguration section */
		5FD4BF8E1FBD22880020072F /* Debug */ = {
			isa = XCBuildConfiguration;
			buildSettings = {
				ALWAYS_SEARCH_USER_PATHS = NO;
				CLANG_ANALYZER_NONNULL = YES;
				CLANG_ANALYZER_NUMBER_OBJECT_CONVERSION = YES_AGGRESSIVE;
				CLANG_CXX_LANGUAGE_STANDARD = "gnu++14";
				CLANG_CXX_LIBRARY = "libc++";
				CLANG_ENABLE_MODULES = YES;
				CLANG_ENABLE_OBJC_ARC = YES;
				CLANG_WARN_BLOCK_CAPTURE_AUTORELEASING = YES;
				CLANG_WARN_BOOL_CONVERSION = YES;
				CLANG_WARN_COMMA = YES;
				CLANG_WARN_CONSTANT_CONVERSION = YES;
				CLANG_WARN_DIRECT_OBJC_ISA_USAGE = YES_ERROR;
				CLANG_WARN_DOCUMENTATION_COMMENTS = YES;
				CLANG_WARN_EMPTY_BODY = YES;
				CLANG_WARN_ENUM_CONVERSION = YES;
				CLANG_WARN_INFINITE_RECURSION = YES;
				CLANG_WARN_INT_CONVERSION = YES;
				CLANG_WARN_NON_LITERAL_NULL_CONVERSION = YES;
				CLANG_WARN_OBJC_LITERAL_CONVERSION = YES;
				CLANG_WARN_OBJC_ROOT_CLASS = YES_ERROR;
				CLANG_WARN_RANGE_LOOP_ANALYSIS = YES;
				CLANG_WARN_STRICT_PROTOTYPES = YES;
				CLANG_WARN_SUSPICIOUS_MOVE = YES;
				CLANG_WARN_UNGUARDED_AVAILABILITY = YES_AGGRESSIVE;
				CLANG_WARN_UNREACHABLE_CODE = YES;
				CLANG_WARN__DUPLICATE_METHOD_MATCH = YES;
				CODE_SIGN_IDENTITY = "iPhone Developer";
				COPY_PHASE_STRIP = NO;
				DEBUG_INFORMATION_FORMAT = dwarf;
				ENABLE_STRICT_OBJC_MSGSEND = YES;
				ENABLE_TESTABILITY = YES;
				GCC_C_LANGUAGE_STANDARD = gnu11;
				GCC_DYNAMIC_NO_PIC = NO;
				GCC_NO_COMMON_BLOCKS = YES;
				GCC_OPTIMIZATION_LEVEL = 0;
				GCC_PREPROCESSOR_DEFINITIONS = (
					"DEBUG=1",
					"$(inherited)",
				);
				GCC_WARN_64_TO_32_BIT_CONVERSION = YES;
				GCC_WARN_ABOUT_RETURN_TYPE = YES_ERROR;
				GCC_WARN_UNDECLARED_SELECTOR = YES;
				GCC_WARN_UNINITIALIZED_AUTOS = YES_AGGRESSIVE;
				GCC_WARN_UNUSED_FUNCTION = YES;
				GCC_WARN_UNUSED_VARIABLE = YES;
				IPHONEOS_DEPLOYMENT_TARGET = 11.0;
				MTL_ENABLE_DEBUG_INFO = YES;
				ONLY_ACTIVE_ARCH = YES;
				SDKROOT = iphoneos;
			};
			name = Debug;
		};
		5FD4BF8F1FBD22880020072F /* Release */ = {
			isa = XCBuildConfiguration;
			buildSettings = {
				ALWAYS_SEARCH_USER_PATHS = NO;
				CLANG_ANALYZER_NONNULL = YES;
				CLANG_ANALYZER_NUMBER_OBJECT_CONVERSION = YES_AGGRESSIVE;
				CLANG_CXX_LANGUAGE_STANDARD = "gnu++14";
				CLANG_CXX_LIBRARY = "libc++";
				CLANG_ENABLE_MODULES = YES;
				CLANG_ENABLE_OBJC_ARC = YES;
				CLANG_WARN_BLOCK_CAPTURE_AUTORELEASING = YES;
				CLANG_WARN_BOOL_CONVERSION = YES;
				CLANG_WARN_COMMA = YES;
				CLANG_WARN_CONSTANT_CONVERSION = YES;
				CLANG_WARN_DIRECT_OBJC_ISA_USAGE = YES_ERROR;
				CLANG_WARN_DOCUMENTATION_COMMENTS = YES;
				CLANG_WARN_EMPTY_BODY = YES;
				CLANG_WARN_ENUM_CONVERSION = YES;
				CLANG_WARN_INFINITE_RECURSION = YES;
				CLANG_WARN_INT_CONVERSION = YES;
				CLANG_WARN_NON_LITERAL_NULL_CONVERSION = YES;
				CLANG_WARN_OBJC_LITERAL_CONVERSION = YES;
				CLANG_WARN_OBJC_ROOT_CLASS = YES_ERROR;
				CLANG_WARN_RANGE_LOOP_ANALYSIS = YES;
				CLANG_WARN_STRICT_PROTOTYPES = YES;
				CLANG_WARN_SUSPICIOUS_MOVE = YES;
				CLANG_WARN_UNGUARDED_AVAILABILITY = YES_AGGRESSIVE;
				CLANG_WARN_UNREACHABLE_CODE = YES;
				CLANG_WARN__DUPLICATE_METHOD_MATCH = YES;
				CODE_SIGN_IDENTITY = "iPhone Developer";
				COPY_PHASE_STRIP = NO;
				DEBUG_INFORMATION_FORMAT = "dwarf-with-dsym";
				ENABLE_NS_ASSERTIONS = NO;
				ENABLE_STRICT_OBJC_MSGSEND = YES;
				GCC_C_LANGUAGE_STANDARD = gnu11;
				GCC_NO_COMMON_BLOCKS = YES;
				GCC_WARN_64_TO_32_BIT_CONVERSION = YES;
				GCC_WARN_ABOUT_RETURN_TYPE = YES_ERROR;
				GCC_WARN_UNDECLARED_SELECTOR = YES;
				GCC_WARN_UNINITIALIZED_AUTOS = YES_AGGRESSIVE;
				GCC_WARN_UNUSED_FUNCTION = YES;
				GCC_WARN_UNUSED_VARIABLE = YES;
				IPHONEOS_DEPLOYMENT_TARGET = 11.0;
				MTL_ENABLE_DEBUG_INFO = NO;
				SDKROOT = iphoneos;
				VALIDATE_PRODUCT = YES;
			};
			name = Release;
		};
		5FD4BF911FBD22880020072F /* Debug */ = {
			isa = XCBuildConfiguration;
			buildSettings = {
				ASSETCATALOG_COMPILER_APPICON_NAME = AppIcon;
				CODE_SIGN_STYLE = Automatic;
				INFOPLIST_FILE = OCToolsDemo/Info.plist;
				LD_RUNPATH_SEARCH_PATHS = "$(inherited) @executable_path/Frameworks";
				PRODUCT_BUNDLE_IDENTIFIER = cn.com.chengfei.OCToolsDemo;
				PRODUCT_NAME = "$(TARGET_NAME)";
				TARGETED_DEVICE_FAMILY = "1,2";
			};
			name = Debug;
		};
		5FD4BF921FBD22880020072F /* Release */ = {
			isa = XCBuildConfiguration;
			buildSettings = {
				ASSETCATALOG_COMPILER_APPICON_NAME = AppIcon;
				CODE_SIGN_STYLE = Automatic;
				INFOPLIST_FILE = OCToolsDemo/Info.plist;
				LD_RUNPATH_SEARCH_PATHS = "$(inherited) @executable_path/Frameworks";
				PRODUCT_BUNDLE_IDENTIFIER = cn.com.chengfei.OCToolsDemo;
				PRODUCT_NAME = "$(TARGET_NAME)";
				TARGETED_DEVICE_FAMILY = "1,2";
			};
			name = Release;
		};
/* End XCBuildConfiguration section */

/* Begin XCConfigurationList section */
		5FD4BF751FBD22880020072F /* Build configuration list for PBXProject "OCToolsDemo" */ = {
			isa = XCConfigurationList;
			buildConfigurations = (
				5FD4BF8E1FBD22880020072F /* Debug */,
				5FD4BF8F1FBD22880020072F /* Release */,
			);
			defaultConfigurationIsVisible = 0;
			defaultConfigurationName = Release;
		};
		5FD4BF901FBD22880020072F /* Build configuration list for PBXNativeTarget "OCToolsDemo" */ = {
			isa = XCConfigurationList;
			buildConfigurations = (
				5FD4BF911FBD22880020072F /* Debug */,
				5FD4BF921FBD22880020072F /* Release */,
			);
			defaultConfigurationIsVisible = 0;
			defaultConfigurationName = Release;
		};
/* End XCConfigurationList section */
	};
	rootObject = 5FD4BF721FBD22880020072F /* Project object */;
}
